{
  "pins" : [
    {
      "identity" : "pocketsvg",
      "kind" : "remoteSourceControl",
      "location" : "https://github.com/pocketsvg/PocketSVG",
      "state" : {
        "revision" : "10c6885e427e88d35fbb64010fbd6385cb58fef7",
        "version" : "2.7.3"
      }
    }
  ],
  "version" : 2
}
